// !$*UTF8*$!
{
	archiveVersion = 1;
	classes = {
	};
	objectVersion = 46;
	objects = {

/* Begin PBXBuildFile section */
		258E9CF31FA36F1B000659E3 /* main.m in Sources */ = {isa = PBXBuildFile; fileRef = 258E9CF21FA36F1B000659E3 /* main.m */; };
		258E9CF61FA36F1B000659E3 /* AppDelegate.m in Sources */ = {isa = PBXBuildFile; fileRef = 258E9CF51FA36F1B000659E3 /* AppDelegate.m */; };
		258E9CF91FA36F1B000659E3 /* ViewController.m in Sources */ = {isa = PBXBuildFile; fileRef = 258E9CF81FA36F1B000659E3 /* ViewController.m */; };
		258E9CFC1FA36F1B000659E3 /* Main.storyboard in Resources */ = {isa = PBXBuildFile; fileRef = 258E9CFA1FA36F1B000659E3 /* Main.storyboard */; };
		258E9CFE1FA36F1B000659E3 /* Assets.xcassets in Resources */ = {isa = PBXBuildFile; fileRef = 258E9CFD1FA36F1B000659E3 /* Assets.xcassets */; };
		258E9D011FA36F1B000659E3 /* LaunchScreen.storyboard in Resources */ = {isa = PBXBuildFile; fileRef = 258E9CFF1FA36F1B000659E3 /* LaunchScreen.storyboard */; };
		258E9D0C1FA36F1B000659E3 /* RunLoop____Tests.m in Sources */ = {isa = PBXBuildFile; fileRef = 258E9D0B1FA36F1B000659E3 /* RunLoop____Tests.m */; };
/* End PBXBuildFile section */

/* Begin PBXContainerItemProxy section */
		258E9D081FA36F1B000659E3 /* PBXContainerItemProxy */ = {
			isa = PBXContainerItemProxy;
			containerPortal = 258E9CE61FA36F1B000659E3 /* Project object */;
			proxyType = 1;
			remoteGlobalIDString = 258E9CED1FA36F1B000659E3;
			remoteInfo = "RunLoop简单使用";
		};
/* End PBXContainerItemProxy section */

/* Begin PBXFileReference section */
		258E9CEE1FA36F1B000659E3 /* RunLoop简单使用.app */ = {isa = PBXFileReference; explicitFileType = wrapper.application; includeInIndex = 0; path = "RunLoop简单使用.app"; sourceTree = BUILT_PRODUCTS_DIR; };
		258E9CF21FA36F1B000659E3 /* main.m */ = {isa = PBXFileReference; lastKnownFileType = sourcecode.c.objc; path = main.m; sourceTree = "<group>"; };
		258E9CF41FA36F1B000659E3 /* AppDelegate.h */ = {isa = PBXFileReference; lastKnownFileType = sourcecode.c.h; path = AppDelegate.h; sourceTree = "<group>"; };
		258E9CF51FA36F1B000659E3 /* AppDelegate.m */ = {isa = PBXFileReference; lastKnownFileType = sourcecode.c.objc; path = AppDelegate.m; sourceTree = "<group>"; };
		258E9CF71FA36F1B000659E3 /* ViewController.h */ = {isa = PBXFileReference; lastKnownFileType = sourcecode.c.h; path = ViewController.h; sourceTree = "<group>"; };
		258E9CF81FA36F1B000659E3 /* ViewController.m */ = {isa = PBXFileReference; lastKnownFileType = sourcecode.c.objc; path = ViewController.m; sourceTree = "<group>"; };
		258E9CFB1FA36F1B000659E3 /* Base */ = {isa = PBXFileReference; lastKnownFileType = file.storyboard; name = Base; path = Base.lproj/Main.storyboard; sourceTree = "<group>"; };
		258E9CFD1FA36F1B000659E3 /* Assets.xcassets */ = {isa = PBXFileReference; lastKnownFileType = folder.assetcatalog; path = Assets.xcassets; sourceTree = "<group>"; };
		258E9D001FA36F1B000659E3 /* Base */ = {isa = PBXFileReference; lastKnownFileType = file.storyboard; name = Base; path = Base.lproj/LaunchScreen.storyboard; sourceTree = "<group>"; };
		258E9D021FA36F1B000659E3 /* Info.plist */ = {isa = PBXFileReference; lastKnownFileType = text.plist.xml; path = Info.plist; sourceTree = "<group>"; };
		258E9D071FA36F1B000659E3 /* RunLoop简单使用Tests.xctest */ = {isa = PBXFileReference; explicitFileType = wrapper.cfbundle; includeInIndex = 0; path = "RunLoop简单使用Tests.xctest"; sourceTree = BUILT_PRODUCTS_DIR; };
		258E9D0B1FA36F1B000659E3 /* RunLoop____Tests.m */ = {isa = PBXFileReference; lastKnownFileType = sourcecode.c.objc; path = "RunLoop____Tests.m"; sourceTree = "<group>"; };
		258E9D0D1FA36F1B000659E3 /* Info.plist */ = {isa = PBXFileReference; lastKnownFileType = text.plist.xml; path = Info.plist; sourceTree = "<group>"; };
/* End PBXFileReference section */

/* Begin PBXFrameworksBuildPhase section */
		258E9CEB1FA36F1B000659E3 /* Frameworks */ = {
			isa = PBXFrameworksBuildPhase;
			buildActionMask = 2147483647;
			files = (
			);
			runOnlyForDeploymentPostprocessing = 0;
		};
		258E9D041FA36F1B000659E3 /* Frameworks */ = {
			isa = PBXFrameworksBuildPhase;
			buildActionMask = 2147483647;
			files = (
			);
			runOnlyForDeploymentPostprocessing = 0;
		};
/* End PBXFrameworksBuildPhase section */

/* Begin PBXGroup section */
		258E9CE51FA36F1B000659E3 = {
			isa = PBXGroup;
			children = (
				258E9CF01FA36F1B000659E3 /* RunLoop简单使用 */,
				258E9D0A1FA36F1B000659E3 /* RunLoop简单使用Tests */,
				258E9CEF1FA36F1B000659E3 /* Products */,
			);
			sourceTree = "<group>";
		};
		258E9CEF1FA36F1B000659E3 /* Products */ = {
			isa = PBXGroup;
			children = (
				258E9CEE1FA36F1B000659E3 /* RunLoop简单使用.app */,
				258E9D071FA36F1B000659E3 /* RunLoop简单使用Tests.xctest */,
			);
			name = Products;
			sourceTree = "<group>";
		};
		258E9CF01FA36F1B000659E3 /* RunLoop简单使用 */ = {
			isa = PBXGroup;
			children = (
				258E9CF41FA36F1B000659E3 /* AppDelegate.h */,
				258E9CF51FA36F1B000659E3 /* AppDelegate.m */,
				258E9CF71FA36F1B000659E3 /* ViewController.h */,
				258E9CF81FA36F1B000659E3 /* ViewController.m */,
				258E9CFA1FA36F1B000659E3 /* Main.storyboard */,
				258E9CFD1FA36F1B000659E3 /* Assets.xcassets */,
				258E9CFF1FA36F1B000659E3 /* LaunchScreen.storyboard */,
				258E9D021FA36F1B000659E3 /* Info.plist */,
				258E9CF11FA36F1B000659E3 /* Supporting Files */,
			);
			path = "RunLoop简单使用";
			sourceTree = "<group>";
		};
		258E9CF11FA36F1B000659E3 /* Supporting Files */ = {
			isa = PBXGroup;
			children = (
				258E9CF21FA36F1B000659E3 /* main.m */,
			);
			name = "Supporting Files";
			sourceTree = "<group>";
		};
		258E9D0A1FA36F1B000659E3 /* RunLoop简单使用Tests */ = {
			isa = PBXGroup;
			children = (
				258E9D0B1FA36F1B000659E3 /* RunLoop____Tests.m */,
				258E9D0D1FA36F1B000659E3 /* Info.plist */,
			);
			path = "RunLoop简单使用Tests";
			sourceTree = "<group>";
		};
/* End PBXGroup section */

/* Begin PBXNativeTarget section */
		258E9CED1FA36F1B000659E3 /* RunLoop简单使用 */ = {
			isa = PBXNativeTarget;
			buildConfigurationList = 258E9D101FA36F1B000659E3 /* Build configuration list for PBXNativeTarget "RunLoop简单使用" */;
			buildPhases = (
				258E9CEA1FA36F1B000659E3 /* Sources */,
				258E9CEB1FA36F1B000659E3 /* Frameworks */,
				258E9CEC1FA36F1B000659E3 /* Resources */,
			);
			buildRules = (
			);
			dependencies = (
			);
			name = "RunLoop简单使用";
			productName = "RunLoop简单使用";
			productReference = 258E9CEE1FA36F1B000659E3 /* RunLoop简单使用.app */;
			productType = "com.apple.product-type.application";
		};
		258E9D061FA36F1B000659E3 /* RunLoop简单使用Tests */ = {
			isa = PBXNativeTarget;
			buildConfigurationList = 258E9D131FA36F1B000659E3 /* Build configuration list for PBXNativeTarget "RunLoop简单使用Tests" */;
			buildPhases = (
				258E9D031FA36F1B000659E3 /* Sources */,
				258E9D041FA36F1B000659E3 /* Frameworks */,
				258E9D051FA36F1B000659E3 /* Resources */,
			);
			buildRules = (
			);
			dependencies = (
				258E9D091FA36F1B000659E3 /* PBXTargetDependency */,
			);
			name = "RunLoop简单使用Tests";
			productName = "RunLoop简单使用Tests";
			productReference = 258E9D071FA36F1B000659E3 /* RunLoop简单使用Tests.xctest */;
			productType = "com.apple.product-type.bundle.unit-test";
		};
/* End PBXNativeTarget section */

/* Begin PBXProject section */
		258E9CE61FA36F1B000659E3 /* Project object */ = {
			isa = PBXProject;
			attributes = {
				LastUpgradeCheck = 0830;
				ORGANIZATIONNAME = tbb;
				TargetAttributes = {
					258E9CED1FA36F1B000659E3 = {
						CreatedOnToolsVersion = 8.3.3;
						ProvisioningStyle = Automatic;
					};
					258E9D061FA36F1B000659E3 = {
						CreatedOnToolsVersion = 8.3.3;
						ProvisioningStyle = Automatic;
						TestTargetID = 258E9CED1FA36F1B000659E3;
					};
				};
			};
			buildConfigurationList = 258E9CE91FA36F1B000659E3 /* Build configuration list for PBXProject "RunLoop简单使用" */;
			compatibilityVersion = "Xcode 3.2";
			developmentRegion = English;
			hasScannedForEncodings = 0;
			knownRegions = (
				en,
				Base,
			);
			mainGroup = 258E9CE51FA36F1B000659E3;
			productRefGroup = 258E9CEF1FA36F1B000659E3 /* Products */;
			projectDirPath = "";
			projectRoot = "";
			targets = (
				258E9CED1FA36F1B000659E3 /* RunLoop简单使用 */,
				258E9D061FA36F1B000659E3 /* RunLoop简单使用Tests */,
			);
		};
/* End PBXProject section */

/* Begin PBXResourcesBuildPhase section */
		258E9CEC1FA36F1B000659E3 /* Resources */ = {
			isa = PBXResourcesBuildPhase;
			buildActionMask = 2147483647;
			files = (
				258E9D011FA36F1B000659E3 /* LaunchScreen.storyboard in Resources */,
				258E9CFE1FA36F1B000659E3 /* Assets.xcassets in Resources */,
				258E9CFC1FA36F1B000659E3 /* Main.storyboard in Resources */,
			);
			runOnlyForDeploymentPostprocessing = 0;
		};
		258E9D051FA36F1B000659E3 /* Resources */ = {
			isa = PBXResourcesBuildPhase;
			buildActionMask = 2147483647;
			files = (
			);
			runOnlyForDeploymentPostprocessing = 0;
		};
/* End PBXResourcesBuildPhase section */

/* Begin PBXSourcesBuildPhase section */
		258E9CEA1FA36F1B000659E3 /* Sources */ = {
			isa = PBXSourcesBuildPhase;
			buildActionMask = 2147483647;
			files = (
				258E9CF91FA36F1B000659E3 /* ViewController.m in Sources */,
				258E9CF61FA36F1B000659E3 /* AppDelegate.m in Sources */,
				258E9CF31FA36F1B000659E3 /* main.m in Sources */,
			);
			runOnlyForDeploymentPostprocessing = 0;
		};
		258E9D031FA36F1B000659E3 /* Sources */ = {
			isa = PBXSourcesBuildPhase;
			buildActionMask = 2147483647;
			files = (
				258E9D0C1FA36F1B000659E3 /* RunLoop____Tests.m in Sources */,
			);
			runOnlyForDeploymentPostprocessing = 0;
		};
/* End PBXSourcesBuildPhase section */

/* Begin PBXTargetDependency section */
		258E9D091FA36F1B000659E3 /* PBXTargetDependency */ = {
			isa = PBXTargetDependency;
			target = 258E9CED1FA36F1B000659E3 /* RunLoop简单使用 */;
			targetProxy = 258E9D081FA36F1B000659E3 /* PBXContainerItemProxy */;
		};
/* End PBXTargetDependency section */

/* Begin PBXVariantGroup section */
		258E9CFA1FA36F1B000659E3 /* Main.storyboard */ = {
			isa = PBXVariantGroup;
			children = (
				258E9CFB1FA36F1B000659E3 /* Base */,
			);
			name = Main.storyboard;
			sourceTree = "<group>";
		};
		258E9CFF1FA36F1B000659E3 /* LaunchScreen.storyboard */ = {
			isa = PBXVariantGroup;
			children = (
				258E9D001FA36F1B000659E3 /* Base */,
			);
			name = LaunchScreen.storyboard;
			sourceTree = "<group>";
		};
/* End PBXVariantGroup section */

/* Begin XCBuildConfiguration section */
		258E9D0E1FA36F1B000659E3 /* Debug */ = {
			isa = XCBuildConfiguration;
			buildSettings = {
				ALWAYS_SEARCH_USER_PATHS = NO;
				CLANG_ANALYZER_NONNULL = YES;
				CLANG_ANALYZER_NUMBER_OBJECT_CONVERSION = YES_AGGRESSIVE;
				CLANG_CXX_LANGUAGE_STANDARD = "gnu++0x";
				CLANG_CXX_LIBRARY = "libc++";
				CLANG_ENABLE_MODULES = YES;
				CLANG_ENABLE_OBJC_ARC = YES;
				CLANG_WARN_BOOL_CONVERSION = YES;
				CLANG_WARN_CONSTANT_CONVERSION = YES;
				CLANG_WARN_DIRECT_OBJC_ISA_USAGE = YES_ERROR;
				CLANG_WARN_DOCUMENTATION_COMMENTS = YES;
				CLANG_WARN_EMPTY_BODY = YES;
				CLANG_WARN_ENUM_CONVERSION = YES;
				CLANG_WARN_INFINITE_RECURSION = YES;
				CLANG_WARN_INT_CONVERSION = YES;
				CLANG_WARN_OBJC_ROOT_CLASS = YES_ERROR;
				CLANG_WARN_SUSPICIOUS_MOVE = YES;
				CLANG_WARN_UNREACHABLE_CODE = YES;
				CLANG_WARN__DUPLICATE_METHOD_MATCH = YES;
				"CODE_SIGN_IDENTITY[sdk=iphoneos*]" = "iPhone Developer";
				COPY_PHASE_STRIP = NO;
				DEBUG_INFORMATION_FORMAT = dwarf;
				ENABLE_STRICT_OBJC_MSGSEND = YES;
				ENABLE_TESTABILITY = YES;
				GCC_C_LANGUAGE_STANDARD = gnu99;
				GCC_DYNAMIC_NO_PIC = NO;
				GCC_NO_COMMON_BLOCKS = YES;
				GCC_OPTIMIZATION_LEVEL = 0;
				GCC_PREPROCESSOR_DEFINITIONS = (
					"DEBUG=1",
					"$(inherited)",
				);
				GCC_WARN_64_TO_32_BIT_CONVERSION = YES;
				GCC_WARN_ABOUT_RETURN_TYPE = YES_ERROR;
				GCC_WARN_UNDECLARED_SELECTOR = YES;
				GCC_WARN_UNINITIALIZED_AUTOS = YES_AGGRESSIVE;
				GCC_WARN_UNUSED_FUNCTION = YES;
				GCC_WARN_UNUSED_VARIABLE = YES;
				IPHONEOS_DEPLOYMENT_TARGET = 10.3;
				MTL_ENABLE_DEBUG_INFO = YES;
				ONLY_ACTIVE_ARCH = YES;
				SDKROOT = iphoneos;
			};
			name = Debug;
		};
		258E9D0F1FA36F1B000659E3 /* Release */ = {
			isa = XCBuildConfiguration;
			buildSettings = {
				ALWAYS_SEARCH_USER_PATHS = NO;
				CLANG_ANALYZER_NONNULL = YES;
				CLANG_ANALYZER_NUMBER_OBJECT_CONVERSION = YES_AGGRESSIVE;
				CLANG_CXX_LANGUAGE_STANDARD = "gnu++0x";
				CLANG_CXX_LIBRARY = "libc++";
				CLANG_ENABLE_MODULES = YES;
				CLANG_ENABLE_OBJC_ARC = YES;
				CLANG_WARN_BOOL_CONVERSION = YES;
				CLANG_WARN_CONSTANT_CONVERSION = YES;
				CLANG_WARN_DIRECT_OBJC_ISA_USAGE = YES_ERROR;
				CLANG_WARN_DOCUMENTATION_COMMENTS = YES;
				CLANG_WARN_EMPTY_BODY = YES;
				CLANG_WARN_ENUM_CONVERSION = YES;
				CLANG_WARN_INFINITE_RECURSION = YES;
				CLANG_WARN_INT_CONVERSION = YES;
				CLANG_WARN_OBJC_ROOT_CLASS = YES_ERROR;
				CLANG_WARN_SUSPICIOUS_MOVE = YES;
				CLANG_WARN_UNREACHABLE_CODE = YES;
				CLANG_WARN__DUPLICATE_METHOD_MATCH = YES;
				"CODE_SIGN_IDENTITY[sdk=iphoneos*]" = "iPhone Developer";
				COPY_PHASE_STRIP = NO;
				DEBUG_INFORMATION_FORMAT = "dwarf-with-dsym";
				ENABLE_NS_ASSERTIONS = NO;
				ENABLE_STRICT_OBJC_MSGSEND = YES;
				GCC_C_LANGUAGE_STANDARD = gnu99;
				GCC_NO_COMMON_BLOCKS = YES;
				GCC_WARN_64_TO_32_BIT_CONVERSION = YES;
				GCC_WARN_ABOUT_RETURN_TYPE = YES_ERROR;
				GCC_WARN_UNDECLARED_SELECTOR = YES;
				GCC_WARN_UNINITIALIZED_AUTOS = YES_AGGRESSIVE;
				GCC_WARN_UNUSED_FUNCTION = YES;
				GCC_WARN_UNUSED_VARIABLE = YES;
				IPHONEOS_DEPLOYMENT_TARGET = 10.3;
				MTL_ENABLE_DEBUG_INFO = NO;
				SDKROOT = iphoneos;
				VALIDATE_PRODUCT = YES;
			};
			name = Release;
		};
		258E9D111FA36F1B000659E3 /* Debug */ = {
			isa = XCBuildConfiguration;
			buildSettings = {
				ASSETCATALOG_COMPILER_APPICON_NAME = AppIcon;
				INFOPLIST_FILE = "RunLoop简单使用/Info.plist";
				LD_RUNPATH_SEARCH_PATHS = "$(inherited) @executable_path/Frameworks";
				PRODUCT_BUNDLE_IDENTIFIER = "tbb.RunLoop----";
				PRODUCT_NAME = "$(TARGET_NAME)";
			};
			name = Debug;
		};
		258E9D121FA36F1B000659E3 /* Release */ = {
			isa = XCBuildConfiguration;
			buildSettings = {
				ASSETCATALOG_COMPILER_APPICON_NAME = AppIcon;
				INFOPLIST_FILE = "RunLoop简单使用/Info.plist";
				LD_RUNPATH_SEARCH_PATHS = "$(inherited) @executable_path/Frameworks";
				PRODUCT_BUNDLE_IDENTIFIER = "tbb.RunLoop----";
				PRODUCT_NAME = "$(TARGET_NAME)";
			};
			name = Release;
		};
		258E9D141FA36F1B000659E3 /* Debug */ = {
			isa = XCBuildConfiguration;
			buildSettings = {
				BUNDLE_LOADER = "$(TEST_HOST)";
				INFOPLIST_FILE = "RunLoop简单使用Tests/Info.plist";
				LD_RUNPATH_SEARCH_PATHS = "$(inherited) @executable_path/Frameworks @loader_path/Frameworks";
				PRODUCT_BUNDLE_IDENTIFIER = "tbb.RunLoop----Tests";
				PRODUCT_NAME = "$(TARGET_NAME)";
				TEST_HOST = "$(BUILT_PRODUCTS_DIR)/RunLoop简单使用.app/RunLoop简单使用";
			};
			name = Debug;
		};
		258E9D151FA36F1B000659E3 /* Release */ = {
			isa = XCBuildConfiguration;
			buildSettings = {
				BUNDLE_LOADER = "$(TEST_HOST)";
				INFOPLIST_FILE = "RunLoop简单使用Tests/Info.plist";
				LD_RUNPATH_SEARCH_PATHS = "$(inherited) @executable_path/Frameworks @loader_path/Frameworks";
				PRODUCT_BUNDLE_IDENTIFIER = "tbb.RunLoop----Tests";
				PRODUCT_NAME = "$(TARGET_NAME)";
				TEST_HOST = "$(BUILT_PRODUCTS_DIR)/RunLoop简单使用.app/RunLoop简单使用";
			};
			name = Release;
		};
/* End XCBuildConfiguration section */

/* Begin XCConfigurationList section */
		258E9CE91FA36F1B000659E3 /* Build configuration list for PBXProject "RunLoop简单使用" */ = {
			isa = XCConfigurationList;
			buildConfigurations = (
				258E9D0E1FA36F1B000659E3 /* Debug */,
				258E9D0F1FA36F1B000659E3 /* Release */,
			);
			defaultConfigurationIsVisible = 0;
			defaultConfigurationName = Release;
		};
		258E9D101FA36F1B000659E3 /* Build configuration list for PBXNativeTarget "RunLoop简单使用" */ = {
			isa = XCConfigurationList;
			buildConfigurations = (
				258E9D111FA36F1B000659E3 /* Debug */,
				258E9D121FA36F1B000659E3 /* Release */,
			);
			defaultConfigurationIsVisible = 0;
		};
		258E9D131FA36F1B000659E3 /* Build configuration list for PBXNativeTarget "RunLoop简单使用Tests" */ = {
			isa = XCConfigurationList;
			buildConfigurations = (
				258E9D141FA36F1B000659E3 /* Debug */,
				258E9D151FA36F1B000659E3 /* Release */,
			);
			defaultConfigurationIsVisible = 0;
		};
/* End XCConfigurationList section */
	};
	rootObject = 258E9CE61FA36F1B000659E3 /* Project object */;
}
